
Microsoft Visual Studio Solution File, Format Version 12.00
# Visual Studio Version 16
VisualStudioVersion = 16.0.29403.142
MinimumVisualStudioVersion = 10.0.40219.1
Project("{FAE04EC0-301F-11D3-BF4B-00C04F79EFBC}") = "Eyy", "Eyy\Eyy.csproj", "{145EDDC8-1762-4A1F-8962-7B55CE7DAE60}"
EndProject
Global
	GlobalSection(SolutionConfigurationPlatforms) = preSolution
		Debug|Any CPU = Debug|Any CPU
		Release|Any CPU = Release|Any CPU
	EndGlobalSection
	GlobalSection(ProjectConfigurationPlatforms) = postSolution
		{145EDDC8-1762-4A1F-8962-7B55CE7DAE60}.Debug|Any CPU.ActiveCfg = Debug|Any CPU
		{145EDDC8-1762-4A1F-8962-7B55CE7DAE60}.Debug|Any CPU.Build.0 = Debug|Any CPU
		{145EDDC8-1762-4A1F-8962-7B55CE7DAE60}.Release|Any CPU.ActiveCfg = Release|Any CPU
		{145EDDC8-1762-4A1F-8962-7B55CE7DAE60}.Release|Any CPU.Build.0 = Release|Any CPU
	EndGlobalSection
	GlobalSection(SolutionProperties) = preSolution
		HideSolutionNode = FALSE
	EndGlobalSection
	GlobalSection(ExtensibilityGlobals) = postSolution
		SolutionGuid = {F63DFAA8-329B-42C0-B243-AE30053D8DE2}
	EndGlobalSection
EndGlobal
