
Microsoft Visual Studio Solution File, Format Version 12.00
# Visual Studio Version 16
VisualStudioVersion = 16.0.29209.62
MinimumVisualStudioVersion = 10.0.40219.1
Project("{FAE04EC0-301F-11D3-BF4B-00C04F79EFBC}") = "CountVowelsMODULE", "CountVowelsMODULE\CountVowelsMODULE.csproj", "{E0514D1E-19D2-422F-8A1E-6BB8BEF9E6A8}"
EndProject
Global
	GlobalSection(SolutionConfigurationPlatforms) = preSolution
		Debug|Any CPU = Debug|Any CPU
		Release|Any CPU = Release|Any CPU
	EndGlobalSection
	GlobalSection(ProjectConfigurationPlatforms) = postSolution
		{E0514D1E-19D2-422F-8A1E-6BB8BEF9E6A8}.Debug|Any CPU.ActiveCfg = Debug|Any CPU
		{E0514D1E-19D2-422F-8A1E-6BB8BEF9E6A8}.Debug|Any CPU.Build.0 = Debug|Any CPU
		{E0514D1E-19D2-422F-8A1E-6BB8BEF9E6A8}.Release|Any CPU.ActiveCfg = Release|Any CPU
		{E0514D1E-19D2-422F-8A1E-6BB8BEF9E6A8}.Release|Any CPU.Build.0 = Release|Any CPU
	EndGlobalSection
	GlobalSection(SolutionProperties) = preSolution
		HideSolutionNode = FALSE
	EndGlobalSection
	GlobalSection(ExtensibilityGlobals) = postSolution
		SolutionGuid = {5C08C764-5F29-4A79-B090-795D99D8AFAE}
	EndGlobalSection
EndGlobal
