
Microsoft Visual Studio Solution File, Format Version 12.00
# Visual Studio Version 16
VisualStudioVersion = 16.0.29209.62
MinimumVisualStudioVersion = 10.0.40219.1
Project("{FAE04EC0-301F-11D3-BF4B-00C04F79EFBC}") = "using arrays and string manipulation", "using arrays and string manipulation\using arrays and string manipulation.csproj", "{98921673-E4CB-4C93-9A68-A4CAE724B094}"
EndProject
Global
	GlobalSection(SolutionConfigurationPlatforms) = preSolution
		Debug|Any CPU = Debug|Any CPU
		Release|Any CPU = Release|Any CPU
	EndGlobalSection
	GlobalSection(ProjectConfigurationPlatforms) = postSolution
		{98921673-E4CB-4C93-9A68-A4CAE724B094}.Debug|Any CPU.ActiveCfg = Debug|Any CPU
		{98921673-E4CB-4C93-9A68-A4CAE724B094}.Debug|Any CPU.Build.0 = Debug|Any CPU
		{98921673-E4CB-4C93-9A68-A4CAE724B094}.Release|Any CPU.ActiveCfg = Release|Any CPU
		{98921673-E4CB-4C93-9A68-A4CAE724B094}.Release|Any CPU.Build.0 = Release|Any CPU
	EndGlobalSection
	GlobalSection(SolutionProperties) = preSolution
		HideSolutionNode = FALSE
	EndGlobalSection
	GlobalSection(ExtensibilityGlobals) = postSolution
		SolutionGuid = {0058CB94-4D16-46F2-91F7-85214918D0B0}
	EndGlobalSection
EndGlobal
