
Microsoft Visual Studio Solution File, Format Version 12.00
# Visual Studio Version 16
VisualStudioVersion = 16.0.29209.62
MinimumVisualStudioVersion = 10.0.40219.1
Project("{FAE04EC0-301F-11D3-BF4B-00C04F79EFBC}") = "DOWHILE_IFELSE", "DOWHILE_IFELSE\DOWHILE_IFELSE.csproj", "{D2940827-FD8E-47A0-ACB4-966D1253C833}"
EndProject
Global
	GlobalSection(SolutionConfigurationPlatforms) = preSolution
		Debug|Any CPU = Debug|Any CPU
		Release|Any CPU = Release|Any CPU
	EndGlobalSection
	GlobalSection(ProjectConfigurationPlatforms) = postSolution
		{D2940827-FD8E-47A0-ACB4-966D1253C833}.Debug|Any CPU.ActiveCfg = Debug|Any CPU
		{D2940827-FD8E-47A0-ACB4-966D1253C833}.Debug|Any CPU.Build.0 = Debug|Any CPU
		{D2940827-FD8E-47A0-ACB4-966D1253C833}.Release|Any CPU.ActiveCfg = Release|Any CPU
		{D2940827-FD8E-47A0-ACB4-966D1253C833}.Release|Any CPU.Build.0 = Release|Any CPU
	EndGlobalSection
	GlobalSection(SolutionProperties) = preSolution
		HideSolutionNode = FALSE
	EndGlobalSection
	GlobalSection(ExtensibilityGlobals) = postSolution
		SolutionGuid = {16C7642E-D498-496C-9D1F-1A2E7E769F34}
	EndGlobalSection
EndGlobal
