
Microsoft Visual Studio Solution File, Format Version 12.00
# Visual Studio Version 16
VisualStudioVersion = 16.0.29209.62
MinimumVisualStudioVersion = 10.0.40219.1
Project("{FAE04EC0-301F-11D3-BF4B-00C04F79EFBC}") = "GreenVilleTalents_Names_Array", "GreenVilleTalents_Names_Array\GreenVilleTalents_Names_Array.csproj", "{1E21D1AB-1FBD-4D53-AABB-DF2E32B04590}"
EndProject
Global
	GlobalSection(SolutionConfigurationPlatforms) = preSolution
		Debug|Any CPU = Debug|Any CPU
		Release|Any CPU = Release|Any CPU
	EndGlobalSection
	GlobalSection(ProjectConfigurationPlatforms) = postSolution
		{1E21D1AB-1FBD-4D53-AABB-DF2E32B04590}.Debug|Any CPU.ActiveCfg = Debug|Any CPU
		{1E21D1AB-1FBD-4D53-AABB-DF2E32B04590}.Debug|Any CPU.Build.0 = Debug|Any CPU
		{1E21D1AB-1FBD-4D53-AABB-DF2E32B04590}.Release|Any CPU.ActiveCfg = Release|Any CPU
		{1E21D1AB-1FBD-4D53-AABB-DF2E32B04590}.Release|Any CPU.Build.0 = Release|Any CPU
	EndGlobalSection
	GlobalSection(SolutionProperties) = preSolution
		HideSolutionNode = FALSE
	EndGlobalSection
	GlobalSection(ExtensibilityGlobals) = postSolution
		SolutionGuid = {7DBB69F1-4FA3-4523-A973-53157D979008}
	EndGlobalSection
EndGlobal
