
Microsoft Visual Studio Solution File, Format Version 12.00
# Visual Studio Version 16
VisualStudioVersion = 16.0.29403.142
MinimumVisualStudioVersion = 10.0.40219.1
Project("{FAE04EC0-301F-11D3-BF4B-00C04F79EFBC}") = "WriteanotherFile", "WriteanotherFile\WriteanotherFile.csproj", "{AB2719F7-A746-44C8-BA6C-DE0F2576D5F7}"
EndProject
Global
	GlobalSection(SolutionConfigurationPlatforms) = preSolution
		Debug|Any CPU = Debug|Any CPU
		Release|Any CPU = Release|Any CPU
	EndGlobalSection
	GlobalSection(ProjectConfigurationPlatforms) = postSolution
		{AB2719F7-A746-44C8-BA6C-DE0F2576D5F7}.Debug|Any CPU.ActiveCfg = Debug|Any CPU
		{AB2719F7-A746-44C8-BA6C-DE0F2576D5F7}.Debug|Any CPU.Build.0 = Debug|Any CPU
		{AB2719F7-A746-44C8-BA6C-DE0F2576D5F7}.Release|Any CPU.ActiveCfg = Release|Any CPU
		{AB2719F7-A746-44C8-BA6C-DE0F2576D5F7}.Release|Any CPU.Build.0 = Release|Any CPU
	EndGlobalSection
	GlobalSection(SolutionProperties) = preSolution
		HideSolutionNode = FALSE
	EndGlobalSection
	GlobalSection(ExtensibilityGlobals) = postSolution
		SolutionGuid = {BEEC180F-F8F7-47D6-998C-C1CC8E719324}
	EndGlobalSection
EndGlobal
